
Microsoft Visual Studio Solution File, Format Version 12.00
# Visual Studio Version 16
VisualStudioVersion = 16.0.30114.105
MinimumVisualStudioVersion = 10.0.40219.1
Project("{FAE04EC0-301F-11D3-BF4B-00C04F79EFBC}") = "TerraControl", "TerraControl.csproj", "{D0B06000-2423-4DDE-AB5A-483C5E64582B}"
EndProject
Global
	GlobalSection(SolutionConfigurationPlatforms) = preSolution
		Debug|Any CPU = Debug|Any CPU
		Release|Any CPU = Release|Any CPU
	EndGlobalSection
	GlobalSection(ProjectConfigurationPlatforms) = postSolution
		{D0B06000-2423-4DDE-AB5A-483C5E64582B}.Debug|Any CPU.ActiveCfg = Debug|Any CPU
		{D0B06000-2423-4DDE-AB5A-483C5E64582B}.Debug|Any CPU.Build.0 = Debug|Any CPU
		{D0B06000-2423-4DDE-AB5A-483C5E64582B}.Debug|Any CPU.Deploy.0 = Debug|Any CPU
		{D0B06000-2423-4DDE-AB5A-483C5E64582B}.Release|Any CPU.ActiveCfg = Release|Any CPU
		{D0B06000-2423-4DDE-AB5A-483C5E64582B}.Release|Any CPU.Build.0 = Release|Any CPU
		{D0B06000-2423-4DDE-AB5A-483C5E64582B}.Release|Any CPU.Deploy.0 = Release|Any CPU
	EndGlobalSection
	GlobalSection(SolutionProperties) = preSolution
		HideSolutionNode = FALSE
	EndGlobalSection
	GlobalSection(ExtensibilityGlobals) = postSolution
		SolutionGuid = {2DB43D99-6BB3-46E5-8436-B7C639B12AA2}
	EndGlobalSection
EndGlobal
